
Microsoft Visual Studio Solution File, Format Version 12.00
# Visual Studio Version 17
VisualStudioVersion = 17.0.32112.339
MinimumVisualStudioVersion = 10.0.40219.1
Project("{FAE04EC0-301F-11D3-BF4B-00C04F79EFBC}") = "lamda", "lamda.csproj", "{8422874E-4E0C-43A0-8869-F1866B05F321}"
EndProject
Global
	GlobalSection(SolutionConfigurationPlatforms) = preSolution
		Debug|Any CPU = Debug|Any CPU
		Release|Any CPU = Release|Any CPU
	EndGlobalSection
	GlobalSection(ProjectConfigurationPlatforms) = postSolution
		{8422874E-4E0C-43A0-8869-F1866B05F321}.Debug|Any CPU.ActiveCfg = Debug|Any CPU
		{8422874E-4E0C-43A0-8869-F1866B05F321}.Debug|Any CPU.Build.0 = Debug|Any CPU
		{8422874E-4E0C-43A0-8869-F1866B05F321}.Release|Any CPU.ActiveCfg = Release|Any CPU
		{8422874E-4E0C-43A0-8869-F1866B05F321}.Release|Any CPU.Build.0 = Release|Any CPU
	EndGlobalSection
	GlobalSection(SolutionProperties) = preSolution
		HideSolutionNode = FALSE
	EndGlobalSection
	GlobalSection(ExtensibilityGlobals) = postSolution
		SolutionGuid = {6C40C353-1905-443E-A32F-3CE09E824CC4}
	EndGlobalSection
EndGlobal
