
Microsoft Visual Studio Solution File, Format Version 12.00
# Visual Studio Version 17
VisualStudioVersion = 17.0.32112.339
MinimumVisualStudioVersion = 10.0.40219.1
Project("{FAE04EC0-301F-11D3-BF4B-00C04F79EFBC}") = "Rental app", "Rental app.csproj", "{1C1009A5-E380-4091-8F47-C33E965B561C}"
EndProject
Global
	GlobalSection(SolutionConfigurationPlatforms) = preSolution
		Debug|Any CPU = Debug|Any CPU
		Release|Any CPU = Release|Any CPU
	EndGlobalSection
	GlobalSection(ProjectConfigurationPlatforms) = postSolution
		{1C1009A5-E380-4091-8F47-C33E965B561C}.Debug|Any CPU.ActiveCfg = Debug|Any CPU
		{1C1009A5-E380-4091-8F47-C33E965B561C}.Debug|Any CPU.Build.0 = Debug|Any CPU
		{1C1009A5-E380-4091-8F47-C33E965B561C}.Release|Any CPU.ActiveCfg = Release|Any CPU
		{1C1009A5-E380-4091-8F47-C33E965B561C}.Release|Any CPU.Build.0 = Release|Any CPU
	EndGlobalSection
	GlobalSection(SolutionProperties) = preSolution
		HideSolutionNode = FALSE
	EndGlobalSection
	GlobalSection(ExtensibilityGlobals) = postSolution
		SolutionGuid = {DDA0FA1B-49A0-40BA-B1BE-93E73EEE6F9B}
	EndGlobalSection
EndGlobal
